
Microsoft Visual Studio Solution File, Format Version 12.00
# Visual Studio 2012
Project("{FAE04EC0-301F-11D3-BF4B-00C04F79EFBC}") = "A", "A\A.csproj", "{244449CE-0764-44F0-9EFA-CDBF193BC4CC}"
EndProject
Project("{FAE04EC0-301F-11D3-BF4B-00C04F79EFBC}") = "B", "B\B.csproj", "{3DA1A1EA-465F-41B2-9516-3578A0EF312A}"
EndProject
Project("{FAE04EC0-301F-11D3-BF4B-00C04F79EFBC}") = "C", "C\C.csproj", "{BEEE3AC3-9E8E-4E6C-96B7-F34BD548B21A}"
EndProject
Project("{FAE04EC0-301F-11D3-BF4B-00C04F79EFBC}") = "D", "D\D.csproj", "{FEC999B1-9B5A-488E-A677-81FDB7ACC56F}"
EndProject
Project("{FAE04EC0-301F-11D3-BF4B-00C04F79EFBC}") = "dev.Common.Types", "dev.Common.Types\dev.Common.Types.csproj", "{70771842-D69F-4B55-9C2E-B31B4C796A7E}"
EndProject
Project("{FAE04EC0-301F-11D3-BF4B-00C04F79EFBC}") = "dev.Common.Exceptions", "dev.Common.Exceptions\dev.Common.Exceptions.csproj", "{E881BA5C-2276-4647-87AC-E5B3C6B3077F}"
EndProject
Project("{2150E333-8FDC-42A3-9474-1A3956D46DE8}") = "F1", "F1", "{59C551D8-82EA-4476-94C0-65941620B590}"
EndProject
Project("{2150E333-8FDC-42A3-9474-1A3956D46DE8}") = "F2", "F2", "{163F55EE-DA6F-4655-B278-834E71472187}"
EndProject
Project("{2150E333-8FDC-42A3-9474-1A3956D46DE8}") = "_tt Templates", "_tt Templates", "{6DE7B9E6-7911-44BB-85AE-A2836EB5BF72}"
	ProjectSection(SolutionItems) = preProject
		_tt Templates\VisualStudioHelper.ttinclude = _tt Templates\VisualStudioHelper.ttinclude
		_tt Templates\VisualStudioReferenceHelper.ttinclude = _tt Templates\VisualStudioReferenceHelper.ttinclude
	EndProjectSection
EndProject
Global
	GlobalSection(SolutionConfigurationPlatforms) = preSolution
		Debug|Any CPU = Debug|Any CPU
		Release|Any CPU = Release|Any CPU
	EndGlobalSection
	GlobalSection(ProjectConfigurationPlatforms) = postSolution
		{244449CE-0764-44F0-9EFA-CDBF193BC4CC}.Debug|Any CPU.ActiveCfg = Debug|Any CPU
		{244449CE-0764-44F0-9EFA-CDBF193BC4CC}.Debug|Any CPU.Build.0 = Debug|Any CPU
		{244449CE-0764-44F0-9EFA-CDBF193BC4CC}.Release|Any CPU.ActiveCfg = Release|Any CPU
		{244449CE-0764-44F0-9EFA-CDBF193BC4CC}.Release|Any CPU.Build.0 = Release|Any CPU
		{3DA1A1EA-465F-41B2-9516-3578A0EF312A}.Debug|Any CPU.ActiveCfg = Debug|Any CPU
		{3DA1A1EA-465F-41B2-9516-3578A0EF312A}.Debug|Any CPU.Build.0 = Debug|Any CPU
		{3DA1A1EA-465F-41B2-9516-3578A0EF312A}.Release|Any CPU.ActiveCfg = Release|Any CPU
		{3DA1A1EA-465F-41B2-9516-3578A0EF312A}.Release|Any CPU.Build.0 = Release|Any CPU
		{BEEE3AC3-9E8E-4E6C-96B7-F34BD548B21A}.Debug|Any CPU.ActiveCfg = Debug|Any CPU
		{BEEE3AC3-9E8E-4E6C-96B7-F34BD548B21A}.Debug|Any CPU.Build.0 = Debug|Any CPU
		{BEEE3AC3-9E8E-4E6C-96B7-F34BD548B21A}.Release|Any CPU.ActiveCfg = Release|Any CPU
		{BEEE3AC3-9E8E-4E6C-96B7-F34BD548B21A}.Release|Any CPU.Build.0 = Release|Any CPU
		{FEC999B1-9B5A-488E-A677-81FDB7ACC56F}.Debug|Any CPU.ActiveCfg = Debug|Any CPU
		{FEC999B1-9B5A-488E-A677-81FDB7ACC56F}.Debug|Any CPU.Build.0 = Debug|Any CPU
		{FEC999B1-9B5A-488E-A677-81FDB7ACC56F}.Release|Any CPU.ActiveCfg = Release|Any CPU
		{FEC999B1-9B5A-488E-A677-81FDB7ACC56F}.Release|Any CPU.Build.0 = Release|Any CPU
		{70771842-D69F-4B55-9C2E-B31B4C796A7E}.Debug|Any CPU.ActiveCfg = Debug|Any CPU
		{70771842-D69F-4B55-9C2E-B31B4C796A7E}.Debug|Any CPU.Build.0 = Debug|Any CPU
		{70771842-D69F-4B55-9C2E-B31B4C796A7E}.Release|Any CPU.ActiveCfg = Release|Any CPU
		{70771842-D69F-4B55-9C2E-B31B4C796A7E}.Release|Any CPU.Build.0 = Release|Any CPU
		{E881BA5C-2276-4647-87AC-E5B3C6B3077F}.Debug|Any CPU.ActiveCfg = Debug|Any CPU
		{E881BA5C-2276-4647-87AC-E5B3C6B3077F}.Debug|Any CPU.Build.0 = Debug|Any CPU
		{E881BA5C-2276-4647-87AC-E5B3C6B3077F}.Release|Any CPU.ActiveCfg = Release|Any CPU
		{E881BA5C-2276-4647-87AC-E5B3C6B3077F}.Release|Any CPU.Build.0 = Release|Any CPU
	EndGlobalSection
	GlobalSection(SolutionProperties) = preSolution
		HideSolutionNode = FALSE
	EndGlobalSection
	GlobalSection(NestedProjects) = preSolution
		{3DA1A1EA-465F-41B2-9516-3578A0EF312A} = {59C551D8-82EA-4476-94C0-65941620B590}
		{163F55EE-DA6F-4655-B278-834E71472187} = {59C551D8-82EA-4476-94C0-65941620B590}
		{244449CE-0764-44F0-9EFA-CDBF193BC4CC} = {59C551D8-82EA-4476-94C0-65941620B590}
		{BEEE3AC3-9E8E-4E6C-96B7-F34BD548B21A} = {163F55EE-DA6F-4655-B278-834E71472187}
	EndGlobalSection
EndGlobal
